Microsoft Visual Studio Solution File, Format Version 11.00
# Visual Studio 2008

Project("{D51D0BF2-B840-9F00-E120-D89AD692A09B}") = "ar-tangible", "Assembly-CSharp-firstpass.csproj", "{9BDED39B-EA84-527A-37F6-C2A38F96FF6C}"
EndProject
Project("{D51D0BF2-B840-9F00-E120-D89AD692A09B}") = "ar-tangible", "Assembly-CSharp.csproj", "{9FB1669A-6010-2243-AF22-A7AB28DB1527}"
EndProject
Project("{D51D0BF2-B840-9F00-E120-D89AD692A09B}") = "ar-tangible", "Assembly-CSharp-Editor.csproj", "{0D976EBC-4DB5-E93F-03BC-45FAF34E008C}"
EndProject
Global
	GlobalSection(SolutionConfigurationPlatforms) = preSolution
		Debug|Any CPU = Debug|Any CPU
		Release|Any CPU = Release|Any CPU
	EndGlobalSection
	GlobalSection(ProjectConfigurationPlatforms) = postSolution
		{9BDED39B-EA84-527A-37F6-C2A38F96FF6C}.Debug|Any CPU.ActiveCfg = Debug|Any CPU
		{9BDED39B-EA84-527A-37F6-C2A38F96FF6C}.Debug|Any CPU.Build.0 = Debug|Any CPU
		{9BDED39B-EA84-527A-37F6-C2A38F96FF6C}.Release|Any CPU.ActiveCfg = Release|Any CPU
		{9BDED39B-EA84-527A-37F6-C2A38F96FF6C}.Release|Any CPU.Build.0 = Release|Any CPU
		{9FB1669A-6010-2243-AF22-A7AB28DB1527}.Debug|Any CPU.ActiveCfg = Debug|Any CPU
		{9FB1669A-6010-2243-AF22-A7AB28DB1527}.Debug|Any CPU.Build.0 = Debug|Any CPU
		{9FB1669A-6010-2243-AF22-A7AB28DB1527}.Release|Any CPU.ActiveCfg = Release|Any CPU
		{9FB1669A-6010-2243-AF22-A7AB28DB1527}.Release|Any CPU.Build.0 = Release|Any CPU
		{0D976EBC-4DB5-E93F-03BC-45FAF34E008C}.Debug|Any CPU.ActiveCfg = Debug|Any CPU
		{0D976EBC-4DB5-E93F-03BC-45FAF34E008C}.Debug|Any CPU.Build.0 = Debug|Any CPU
		{0D976EBC-4DB5-E93F-03BC-45FAF34E008C}.Release|Any CPU.ActiveCfg = Release|Any CPU
		{0D976EBC-4DB5-E93F-03BC-45FAF34E008C}.Release|Any CPU.Build.0 = Release|Any CPU
	EndGlobalSection
	GlobalSection(SolutionProperties) = preSolution
		HideSolutionNode = FALSE
	EndGlobalSection
	GlobalSection(MonoDevelopProperties) = preSolution
		StartupItem = Assembly-CSharp.csproj
	EndGlobalSection
EndGlobal
